
Microsoft Visual Studio Solution File, Format Version 12.00
# Visual Studio Version 17
VisualStudioVersion = 17.3.32804.467
MinimumVisualStudioVersion = 10.0.40219.1
Project("{FAE04EC0-301F-11D3-BF4B-00C04F79EFBC}") = "Demo.ProductFunction", "Demo.ProductFunction.csproj", "{616360E8-062E-4C1A-B987-45FEC67A5202}"
EndProject
Global
	GlobalSection(SolutionConfigurationPlatforms) = preSolution
		Debug|Any CPU = Debug|Any CPU
		Release|Any CPU = Release|Any CPU
	EndGlobalSection
	GlobalSection(ProjectConfigurationPlatforms) = postSolution
		{616360E8-062E-4C1A-B987-45FEC67A5202}.Debug|Any CPU.ActiveCfg = Debug|Any CPU
		{616360E8-062E-4C1A-B987-45FEC67A5202}.Debug|Any CPU.Build.0 = Debug|Any CPU
		{616360E8-062E-4C1A-B987-45FEC67A5202}.Release|Any CPU.ActiveCfg = Release|Any CPU
		{616360E8-062E-4C1A-B987-45FEC67A5202}.Release|Any CPU.Build.0 = Release|Any CPU
	EndGlobalSection
	GlobalSection(SolutionProperties) = preSolution
		HideSolutionNode = FALSE
	EndGlobalSection
	GlobalSection(ExtensibilityGlobals) = postSolution
		SolutionGuid = {4B98DDCF-F06C-4BF0-9100-B6F5E46AB947}
	EndGlobalSection
EndGlobal
