
Microsoft Visual Studio Solution File, Format Version 12.00
# Visual Studio Version 17
VisualStudioVersion = 17.3.32819.101
MinimumVisualStudioVersion = 10.0.40219.1
Project("{00D1A9C2-B5F0-4AF3-8072-F6C62B433612}") = "DatabaseProject", "DatabaseProject.sqlproj", "{53A5AF68-C4D3-4DBF-AC57-511301230297}"
EndProject
Project("{FAE04EC0-301F-11D3-BF4B-00C04F79EFBC}") = "UnitTestDatabaseProject", "..\UnitTestDatabaseProject\UnitTestDatabaseProject.csproj", "{C21196FE-CC40-420C-8B5F-AD61BB817CBB}"
EndProject
Global
	GlobalSection(SolutionConfigurationPlatforms) = preSolution
		Debug|Any CPU = Debug|Any CPU
		Release|Any CPU = Release|Any CPU
	EndGlobalSection
	GlobalSection(ProjectConfigurationPlatforms) = postSolution
		{53A5AF68-C4D3-4DBF-AC57-511301230297}.Debug|Any CPU.ActiveCfg = Debug|Any CPU
		{53A5AF68-C4D3-4DBF-AC57-511301230297}.Debug|Any CPU.Build.0 = Debug|Any CPU
		{53A5AF68-C4D3-4DBF-AC57-511301230297}.Debug|Any CPU.Deploy.0 = Debug|Any CPU
		{53A5AF68-C4D3-4DBF-AC57-511301230297}.Release|Any CPU.ActiveCfg = Release|Any CPU
		{53A5AF68-C4D3-4DBF-AC57-511301230297}.Release|Any CPU.Build.0 = Release|Any CPU
		{53A5AF68-C4D3-4DBF-AC57-511301230297}.Release|Any CPU.Deploy.0 = Release|Any CPU
		{C21196FE-CC40-420C-8B5F-AD61BB817CBB}.Debug|Any CPU.ActiveCfg = Debug|Any CPU
		{C21196FE-CC40-420C-8B5F-AD61BB817CBB}.Debug|Any CPU.Build.0 = Debug|Any CPU
		{C21196FE-CC40-420C-8B5F-AD61BB817CBB}.Release|Any CPU.ActiveCfg = Release|Any CPU
		{C21196FE-CC40-420C-8B5F-AD61BB817CBB}.Release|Any CPU.Build.0 = Release|Any CPU
	EndGlobalSection
	GlobalSection(SolutionProperties) = preSolution
		HideSolutionNode = FALSE
	EndGlobalSection
	GlobalSection(ExtensibilityGlobals) = postSolution
		SolutionGuid = {063C954F-3A5D-43D6-A402-AAF41077ACA0}
	EndGlobalSection
EndGlobal
