
Microsoft Visual Studio Solution File, Format Version 12.00
# Visual Studio Version 17
VisualStudioVersion = 17.3.32804.467
MinimumVisualStudioVersion = 10.0.40219.1
Project("{FAE04EC0-301F-11D3-BF4B-00C04F79EFBC}") = "Demo.Azure.WebApp", "Demo.Azure.WebApp.csproj", "{3E491B93-90C3-4BED-938C-6BA358760D1A}"
EndProject
Global
	GlobalSection(SolutionConfigurationPlatforms) = preSolution
		Debug|Any CPU = Debug|Any CPU
		Release|Any CPU = Release|Any CPU
	EndGlobalSection
	GlobalSection(ProjectConfigurationPlatforms) = postSolution
		{3E491B93-90C3-4BED-938C-6BA358760D1A}.Debug|Any CPU.ActiveCfg = Debug|Any CPU
		{3E491B93-90C3-4BED-938C-6BA358760D1A}.Debug|Any CPU.Build.0 = Debug|Any CPU
		{3E491B93-90C3-4BED-938C-6BA358760D1A}.Release|Any CPU.ActiveCfg = Release|Any CPU
		{3E491B93-90C3-4BED-938C-6BA358760D1A}.Release|Any CPU.Build.0 = Release|Any CPU
	EndGlobalSection
	GlobalSection(SolutionProperties) = preSolution
		HideSolutionNode = FALSE
	EndGlobalSection
	GlobalSection(ExtensibilityGlobals) = postSolution
		SolutionGuid = {78320864-CA64-4D58-A621-524094C417B1}
	EndGlobalSection
EndGlobal
