
Microsoft Visual Studio Solution File, Format Version 12.00
# Visual Studio Version 17
VisualStudioVersion = 17.3.32819.101
MinimumVisualStudioVersion = 10.0.40219.1
Project("{FAE04EC0-301F-11D3-BF4B-00C04F79EFBC}") = "BugTracker", "BugTracker.csproj", "{C0BAA165-7A33-483D-8508-62ADBE576EB7}"
EndProject
Global
	GlobalSection(SolutionConfigurationPlatforms) = preSolution
		Debug|Any CPU = Debug|Any CPU
		Release|Any CPU = Release|Any CPU
	EndGlobalSection
	GlobalSection(ProjectConfigurationPlatforms) = postSolution
		{C0BAA165-7A33-483D-8508-62ADBE576EB7}.Debug|Any CPU.ActiveCfg = Debug|Any CPU
		{C0BAA165-7A33-483D-8508-62ADBE576EB7}.Debug|Any CPU.Build.0 = Debug|Any CPU
		{C0BAA165-7A33-483D-8508-62ADBE576EB7}.Release|Any CPU.ActiveCfg = Release|Any CPU
		{C0BAA165-7A33-483D-8508-62ADBE576EB7}.Release|Any CPU.Build.0 = Release|Any CPU
	EndGlobalSection
	GlobalSection(SolutionProperties) = preSolution
		HideSolutionNode = FALSE
	EndGlobalSection
	GlobalSection(ExtensibilityGlobals) = postSolution
		SolutionGuid = {2180D338-E30D-4291-A791-8BB55AAD322B}
	EndGlobalSection
EndGlobal
