
Microsoft Visual Studio Solution File, Format Version 12.00
# Visual Studio Version 17
VisualStudioVersion = 17.6.33815.320
MinimumVisualStudioVersion = 10.0.40219.1
Project("{FAE04EC0-301F-11D3-BF4B-00C04F79EFBC}") = "EFTesting", "EFTesting.csproj", "{1090FD63-3CAA-4A6A-BA76-9B21F334D857}"
EndProject
Global
	GlobalSection(SolutionConfigurationPlatforms) = preSolution
		Debug|Any CPU = Debug|Any CPU
		Release|Any CPU = Release|Any CPU
	EndGlobalSection
	GlobalSection(ProjectConfigurationPlatforms) = postSolution
		{1090FD63-3CAA-4A6A-BA76-9B21F334D857}.Debug|Any CPU.ActiveCfg = Debug|Any CPU
		{1090FD63-3CAA-4A6A-BA76-9B21F334D857}.Debug|Any CPU.Build.0 = Debug|Any CPU
		{1090FD63-3CAA-4A6A-BA76-9B21F334D857}.Release|Any CPU.ActiveCfg = Release|Any CPU
		{1090FD63-3CAA-4A6A-BA76-9B21F334D857}.Release|Any CPU.Build.0 = Release|Any CPU
	EndGlobalSection
	GlobalSection(SolutionProperties) = preSolution
		HideSolutionNode = FALSE
	EndGlobalSection
	GlobalSection(ExtensibilityGlobals) = postSolution
		SolutionGuid = {A123D04E-9D88-4000-9D87-87B47737E42B}
	EndGlobalSection
EndGlobal
