{
  "name": "HealthCheck",
  "lockfileVersion": 3,
  "requires": true,
  "packages": {
    "": {
      "dependencies": {
        "@microsoft/applicationinsights-web": "^2.8.11"
      }
    },
    "node_modules/@microsoft/applicationinsights-analytics-js": {
      "version": "2.8.11",
      "resolved": "https://registry.npmjs.org/@microsoft/applicationinsights-analytics-js/-/applicationinsights-analytics-js-2.8.11.tgz",
      "integrity": "sha512-RwGnRDIAjyX/5yDJOueGfQkKwg7B1FTeIsv4wJ303CJD2wKSxxhE9rqYIPl5tKGqzv/uzmE/fiKuqiVlp7vcLg==",
      "dependencies": {
        "@microsoft/applicationinsights-common": "2.8.11",
        "@microsoft/applicationinsights-core-js": "2.8.11",
        "@microsoft/applicationinsights-shims": "2.0.2",
        "@microsoft/dynamicproto-js": "^1.1.7"
      },
      "peerDependencies": {
        "tslib": "*"
      }
    },
    "node_modules/@microsoft/applicationinsights-channel-js": {
      "version": "2.8.11",
      "resolved": "https://registry.npmjs.org/@microsoft/applicationinsights-channel-js/-/applicationinsights-channel-js-2.8.11.tgz",
      "integrity": "sha512-DGDNzT4DMlSvUzWjA4y3tDg47+QYOPV+W07vlfdPwGgLwrl4n6Q4crrW8Y/IOpthHAKDU8rolSAUvP3NqxPi4Q==",
      "dependencies": {
        "@microsoft/applicationinsights-common": "2.8.11",
        "@microsoft/applicationinsights-core-js": "2.8.11",
        "@microsoft/applicationinsights-shims": "2.0.2",
        "@microsoft/dynamicproto-js": "^1.1.7"
      },
      "peerDependencies": {
        "tslib": "*"
      }
    },
    "node_modules/@microsoft/applicationinsights-common": {
      "version": "2.8.11",
      "resolved": "https://registry.npmjs.org/@microsoft/applicationinsights-common/-/applicationinsights-common-2.8.11.tgz",
      "integrity": "sha512-Cxu4gRajkYv9buEtrcLGHK97AqGK62feN9jH9/JSjUSiSFhbnWtYvEg1EMqMI/P4pneu53yLJloITB+TKwmK7A==",
      "dependencies": {
        "@microsoft/applicationinsights-core-js": "2.8.11",
        "@microsoft/applicationinsights-shims": "2.0.2",
        "@microsoft/dynamicproto-js": "^1.1.7"
      },
      "peerDependencies": {
        "tslib": "*"
      }
    },
    "node_modules/@microsoft/applicationinsights-core-js": {
      "version": "2.8.11",
      "resolved": "https://registry.npmjs.org/@microsoft/applicationinsights-core-js/-/applicationinsights-core-js-2.8.11.tgz",
      "integrity": "sha512-6ScXplyb9Zb0K6TQRfqStm20j5lIe/Dslf65ozows6ibDcKkWl2ZdqzFhymVJZz1WRNpSyD4aA8qnqmslIER6g==",
      "dependencies": {
        "@microsoft/applicationinsights-shims": "2.0.2",
        "@microsoft/dynamicproto-js": "^1.1.7"
      },
      "peerDependencies": {
        "tslib": "*"
      }
    },
    "node_modules/@microsoft/applicationinsights-dependencies-js": {
      "version": "2.8.11",
      "resolved": "https://registry.npmjs.org/@microsoft/applicationinsights-dependencies-js/-/applicationinsights-dependencies-js-2.8.11.tgz",
      "integrity": "sha512-eCjNouBvvnu+E3jLdfQgSIx3AUvmBDd14ZJNOjkvsaURhgRyWkBX3enT+RjrVrqyNQ74ZpHZpIJEqj90l28SsA==",
      "dependencies": {
        "@microsoft/applicationinsights-common": "2.8.11",
        "@microsoft/applicationinsights-core-js": "2.8.11",
        "@microsoft/applicationinsights-shims": "2.0.2",
        "@microsoft/dynamicproto-js": "^1.1.7"
      },
      "peerDependencies": {
        "tslib": "*"
      }
    },
    "node_modules/@microsoft/applicationinsights-properties-js": {
      "version": "2.8.11",
      "resolved": "https://registry.npmjs.org/@microsoft/applicationinsights-properties-js/-/applicationinsights-properties-js-2.8.11.tgz",
      "integrity": "sha512-cuX8jwycBYX81SXmGTNK7JSJod3l8l3FIH0HPgPayCQy7CdHYlfKPTKE9q3I9qD1GO/3ER9yozuKpE+12Wk/2w==",
      "dependencies": {
        "@microsoft/applicationinsights-common": "2.8.11",
        "@microsoft/applicationinsights-core-js": "2.8.11",
        "@microsoft/applicationinsights-shims": "2.0.2",
        "@microsoft/dynamicproto-js": "^1.1.7"
      },
      "peerDependencies": {
        "tslib": "*"
      }
    },
    "node_modules/@microsoft/applicationinsights-shims": {
      "version": "2.0.2",
      "resolved": "https://registry.npmjs.org/@microsoft/applicationinsights-shims/-/applicationinsights-shims-2.0.2.tgz",
      "integrity": "sha512-PoHEgsnmcqruLNHZ/amACqdJ6YYQpED0KSRe6J7gIJTtpZC1FfFU9b1fmDKDKtFoUSrPzEh1qzO3kmRZP0betg=="
    },
    "node_modules/@microsoft/applicationinsights-web": {
      "version": "2.8.11",
      "resolved": "https://registry.npmjs.org/@microsoft/applicationinsights-web/-/applicationinsights-web-2.8.11.tgz",
      "integrity": "sha512-cLJl3MLQtvbwXU0hvFLl6S2/rIdoZKpZL8cvdaT0cXqd5XIiMbeUOxWHLf2hxT8IlIeVlu5nnFILeRYOFZowvw==",
      "dependencies": {
        "@microsoft/applicationinsights-analytics-js": "2.8.11",
        "@microsoft/applicationinsights-channel-js": "2.8.11",
        "@microsoft/applicationinsights-common": "2.8.11",
        "@microsoft/applicationinsights-core-js": "2.8.11",
        "@microsoft/applicationinsights-dependencies-js": "2.8.11",
        "@microsoft/applicationinsights-properties-js": "2.8.11",
        "@microsoft/applicationinsights-shims": "2.0.2",
        "@microsoft/dynamicproto-js": "^1.1.7"
      },
      "peerDependencies": {
        "tslib": "*"
      }
    },
    "node_modules/@microsoft/dynamicproto-js": {
      "version": "1.1.9",
      "resolved": "https://registry.npmjs.org/@microsoft/dynamicproto-js/-/dynamicproto-js-1.1.9.tgz",
      "integrity": "sha512-n1VPsljTSkthsAFYdiWfC+DKzK2WwcRp83Y1YAqdX552BstvsDjft9YXppjUzp11BPsapDoO1LDgrDB0XVsfNQ=="
    },
    "node_modules/tslib": {
      "version": "2.5.0",
      "resolved": "https://registry.npmjs.org/tslib/-/tslib-2.5.0.tgz",
      "integrity": "sha512-336iVw3rtn2BUK7ORdIAHTyxHGRIHVReokCR3XjbckJMK7ms8FysBfhLR8IXnAgy7T0PTPNBWKiH514FOW/WSg==",
      "peer": true
    }
  }
}
