
Microsoft Visual Studio Solution File, Format Version 12.00
# Visual Studio Version 17
VisualStudioVersion = 17.7.34221.43
MinimumVisualStudioVersion = 10.0.40219.1
Project("{FAE04EC0-301F-11D3-BF4B-00C04F79EFBC}") = "Level4", "Level4.csproj", "{072CA1C2-C275-4485-A2DE-99F66F7103C3}"
EndProject
Global
	GlobalSection(SolutionConfigurationPlatforms) = preSolution
		Debug|Any CPU = Debug|Any CPU
		Release|Any CPU = Release|Any CPU
	EndGlobalSection
	GlobalSection(ProjectConfigurationPlatforms) = postSolution
		{072CA1C2-C275-4485-A2DE-99F66F7103C3}.Debug|Any CPU.ActiveCfg = Debug|Any CPU
		{072CA1C2-C275-4485-A2DE-99F66F7103C3}.Debug|Any CPU.Build.0 = Debug|Any CPU
		{072CA1C2-C275-4485-A2DE-99F66F7103C3}.Release|Any CPU.ActiveCfg = Release|Any CPU
		{072CA1C2-C275-4485-A2DE-99F66F7103C3}.Release|Any CPU.Build.0 = Release|Any CPU
	EndGlobalSection
	GlobalSection(SolutionProperties) = preSolution
		HideSolutionNode = FALSE
	EndGlobalSection
	GlobalSection(ExtensibilityGlobals) = postSolution
		SolutionGuid = {79FA3A47-5945-4931-BBDC-D3C60AB30861}
	EndGlobalSection
EndGlobal
